
Microsoft Visual Studio Solution File, Format Version 12.00
# Visual Studio 14
VisualStudioVersion = 14.0.25420.1
MinimumVisualStudioVersion = 10.0.40219.1
Project("{FAE04EC0-301F-11D3-BF4B-00C04F79EFBC}") = "HelperCSharp", "HelperCSharp\HelperCSharp.csproj", "{004A53AD-D2CD-4C7A-8350-D3F75DE16195}"
EndProject
Project("{2150E333-8FDC-42A3-9474-1A3956D46DE8}") = "Document", "Document", "{60C102F3-DB60-4442-9B30-4D7E6CD75E09}"
	ProjectSection(SolutionItems) = preProject
		C:\Users\Okan\Desktop\HelperCSharp.docx = C:\Users\Okan\Desktop\HelperCSharp.docx
		C:\Users\Okan\Desktop\HelperCSharp.pdf = C:\Users\Okan\Desktop\HelperCSharp.pdf
	EndProjectSection
EndProject
Global
	GlobalSection(SolutionConfigurationPlatforms) = preSolution
		Debug|Any CPU = Debug|Any CPU
		Release|Any CPU = Release|Any CPU
	EndGlobalSection
	GlobalSection(ProjectConfigurationPlatforms) = postSolution
		{004A53AD-D2CD-4C7A-8350-D3F75DE16195}.Debug|Any CPU.ActiveCfg = Debug|Any CPU
		{004A53AD-D2CD-4C7A-8350-D3F75DE16195}.Debug|Any CPU.Build.0 = Debug|Any CPU
		{004A53AD-D2CD-4C7A-8350-D3F75DE16195}.Release|Any CPU.ActiveCfg = Release|Any CPU
		{004A53AD-D2CD-4C7A-8350-D3F75DE16195}.Release|Any CPU.Build.0 = Release|Any CPU
	EndGlobalSection
	GlobalSection(SolutionProperties) = preSolution
		HideSolutionNode = FALSE
	EndGlobalSection
EndGlobal
